
Microsoft Visual Studio Solution File, Format Version 12.00
# Visual Studio Version 17
VisualStudioVersion = 17.6.33712.159
MinimumVisualStudioVersion = 10.0.40219.1
Project("{FAE04EC0-301F-11D3-BF4B-00C04F79EFBC}") = "OtimizarPC", "OtimizarPC.csproj", "{5BAFD48E-B639-4C62-B5AF-C7930EB86173}"
EndProject
Global
	GlobalSection(SolutionConfigurationPlatforms) = preSolution
		Debug|Any CPU = Debug|Any CPU
		Release|Any CPU = Release|Any CPU
	EndGlobalSection
	GlobalSection(ProjectConfigurationPlatforms) = postSolution
		{5BAFD48E-B639-4C62-B5AF-C7930EB86173}.Debug|Any CPU.ActiveCfg = Debug|Any CPU
		{5BAFD48E-B639-4C62-B5AF-C7930EB86173}.Debug|Any CPU.Build.0 = Debug|Any CPU
		{5BAFD48E-B639-4C62-B5AF-C7930EB86173}.Release|Any CPU.ActiveCfg = Release|Any CPU
		{5BAFD48E-B639-4C62-B5AF-C7930EB86173}.Release|Any CPU.Build.0 = Release|Any CPU
	EndGlobalSection
	GlobalSection(SolutionProperties) = preSolution
		HideSolutionNode = FALSE
	EndGlobalSection
	GlobalSection(ExtensibilityGlobals) = postSolution
		SolutionGuid = {0C8D81DE-0538-4029-902C-755616930C99}
	EndGlobalSection
EndGlobal
